
Microsoft Visual Studio Solution File, Format Version 12.00
# Visual Studio 15
VisualStudioVersion = 15.0.28010.2026
MinimumVisualStudioVersion = 10.0.40219.1
Project("{FAE04EC0-301F-11D3-BF4B-00C04F79EFBC}") = "PencilDurabilityKataTests", "PencilDurabilityKataTests\PencilDurabilityKataTests.csproj", "{37AA8D5E-F4BD-465D-9E15-3A124F3861AF}"
EndProject
Project("{FAE04EC0-301F-11D3-BF4B-00C04F79EFBC}") = "PencilLibrary", "Pencil\PencilLibrary.csproj", "{8DA84493-2BAD-4CE8-8C63-533A7E4D2B5A}"
EndProject
Global
	GlobalSection(SolutionConfigurationPlatforms) = preSolution
		Debug|Any CPU = Debug|Any CPU
		Release|Any CPU = Release|Any CPU
	EndGlobalSection
	GlobalSection(ProjectConfigurationPlatforms) = postSolution
		{37AA8D5E-F4BD-465D-9E15-3A124F3861AF}.Debug|Any CPU.ActiveCfg = Debug|Any CPU
		{37AA8D5E-F4BD-465D-9E15-3A124F3861AF}.Debug|Any CPU.Build.0 = Debug|Any CPU
		{37AA8D5E-F4BD-465D-9E15-3A124F3861AF}.Release|Any CPU.ActiveCfg = Release|Any CPU
		{37AA8D5E-F4BD-465D-9E15-3A124F3861AF}.Release|Any CPU.Build.0 = Release|Any CPU
		{8DA84493-2BAD-4CE8-8C63-533A7E4D2B5A}.Debug|Any CPU.ActiveCfg = Debug|Any CPU
		{8DA84493-2BAD-4CE8-8C63-533A7E4D2B5A}.Debug|Any CPU.Build.0 = Debug|Any CPU
		{8DA84493-2BAD-4CE8-8C63-533A7E4D2B5A}.Release|Any CPU.ActiveCfg = Release|Any CPU
		{8DA84493-2BAD-4CE8-8C63-533A7E4D2B5A}.Release|Any CPU.Build.0 = Release|Any CPU
	EndGlobalSection
	GlobalSection(SolutionProperties) = preSolution
		HideSolutionNode = FALSE
	EndGlobalSection
	GlobalSection(ExtensibilityGlobals) = postSolution
		SolutionGuid = {4C0E910E-D1C3-4070-94DF-18E88647CDCC}
	EndGlobalSection
EndGlobal
